{
    "_meta": {
        "hash": {
            "sha256": "fb3185f65eb442bffb6621b76d994944a252a56cf6ec265d07cacf8d9d0073b4"
        },
        "pipfile-spec": 6,
        "requires": {
            "python_version": "3.7"
        },
        "sources": [
            {
                "name": "pypi",
                "url": "https://pypi.org/simple",
                "verify_ssl": true
            }
        ]
    },
    "default": {
        "alchy": {
            "hashes": [
                "sha256:5a3c514a35685a28453126279cac73529430dcfe5d11388dd85076c7d726f60a",
                "sha256:5d314af6e366cc0887e88294889a24a63db8be5e25c738305650d656df2af5b0"
            ],
            "index": "pypi",
            "version": "==2.2.2"
        },
        "attrs": {
            "hashes": [
                "sha256:31b2eced602aa8423c2aea9c76a724617ed67cf9513173fd3a4f03e3a929c7e6",
                "sha256:832aa3cde19744e49938b91fea06d69ecb9e649c93ba974535d08ad92164f700"
            ],
            "version": "==20.3.0"
        },
        "click": {
            "hashes": [
                "sha256:29f99fc6125fbc931b758dc053b3114e55c77a6e4c6c3a2674a2dc986016381d",
                "sha256:f15516df478d5a56180fbf80e68f206010e6d160fc39fa508b65e035fd75130b"
            ],
            "index": "pypi",
            "version": "==6.7"
        },
        "colorama": {
            "hashes": [
                "sha256:5941b2b48a20143d2267e95b1c2a7603ce057ee39fd88e7329b0c292aa16869b",
                "sha256:9f47eda37229f68eee03b24b9748937c7dc3868f906e8ba69fbcbdd3bc5dc3e2"
            ],
            "version": "==0.4.4"
        },
        "coloredlogs": {
            "hashes": [
                "sha256:346f58aad6afd48444c2468618623638dadab76e4e70d5e10822676f2d32226a",
                "sha256:a1fab193d2053aa6c0a97608c4342d031f1f93a3d1218432c59322441d31a505"
            ],
            "index": "pypi",
            "version": "==14.0"
        },
        "commonmark": {
            "hashes": [
                "sha256:452f9dc859be7f06631ddcb328b6919c67984aca654e5fefb3914d54691aed60",
                "sha256:da2f38c92590f83de410ba1a3cbceafbc74fee9def35f9251ba9a971d6d66fd9"
            ],
            "version": "==0.9.1"
        },
        "coverage": {
            "hashes": [
                "sha256:00368e6328ebff76197fff5f4d5704b44098f89d8d99a67a349ad6674ec0b157",
                "sha256:0389690e0a1c94e9a246dc3130355d70805e51ca509db1bf07fbde27efb33aa4",
                "sha256:065d2181f44392893d37d0a4f9ff60b485d705f733356d0a2fb292a58c6f2e0f",
                "sha256:082febdba717c769da92d5e19e14a659ebef6daab19b67fced304b7b8d2475e2",
                "sha256:0a35ae0d590effb7cc96e7d6935ae2ab8a51526a111fbe0f12d1671aa9fdc377",
                "sha256:142493f0400a0bd5acf03c52971229e937323c3e24c372800ae1c44a503e0921",
                "sha256:186f53367a08e8d24cc534c7cbfa43a82d1618a48dec2e0c56e80577ec1888fe",
                "sha256:2163a00bcd613e95e118c01ea2811f705fbbacf1904d657b24d306879e2303d3",
                "sha256:24ecf342b1e23de259d81b3adc83578935babeb54f6950c9bd9534b12443a49c",
                "sha256:2c24d3e09f433817ddd0cb2e8f82f8b42cd09a8ac558462fedf99be479ed4851",
                "sha256:2d741575de4a13869c9d4a685235bacc897c94afd3703e2ad4fdc362f37e87da",
                "sha256:305ca73c09dd84054a3a8f53d5b70e0325b5b303245d0b96ed505698dc7e8ea7",
                "sha256:4bf1d0a390de707f8bfd49efdcdac9366ce77ed64cb35b344f58b1ec62517317",
                "sha256:50d90d6b753debb7568621125aad4e5fb418e7bdcb0dba3fa6f4ee82994b35d4",
                "sha256:5a2079bca21fa959608223b90cf2f95ce686a6497fb12bfaaa7bb24c3e298199",
                "sha256:60c6d433f0357db7ed2a2a698fb75b8ce919ce547d6d6bc79c576e090f509768",
                "sha256:66cfae29bccea703f02d8997f60d71e236c5a321588f5aa5a318bd88ca23dc0a",
                "sha256:6d6fc990962559de1f3685eb3e365ca60f2e3257bfd145bf675c566b8ebb1944",
                "sha256:703b126f3ad20c463b545e199c4da460695630da5fdfd949de6a6269b45eabab",
                "sha256:730cee22c41852b90948343cdfd183db1e96a9de69fd4dabec3532c582afea68",
                "sha256:7e4a16bde8a3b7424b2955130f5a6c29e741e7138fe05c5d9d72efc356076a80",
                "sha256:801e8277958bc2e6cc1f2443a20a2a97f79583aa64524b130e1c0de44c287ca9",
                "sha256:80baa69a78d5696c60b72dee44ac3d5ccf75ee82e84d018938ddf642d036a6a8",
                "sha256:80c00ce9cef80afbf18d16cb3052f5601ba8d087501d829169eecb33c153346a",
                "sha256:89db5a374d793344087732207ee15869549486b2148e3e2e6effe22146351fcd",
                "sha256:917b98cc5725ea2e0b88c74d34182589a9be07092cb35b861ea9e74189174f71",
                "sha256:9398f8fd89f6f260e94e57559df1885b8200b18312824b617a8789e0f5e7dc74",
                "sha256:95b6f212bb0c7379f1f2f6e47c722fbdc7355d8b7488a68649e83dfa29522704",
                "sha256:9f23313f3e494475581d46de3b8b6bdcf618ee1df412490e779a9aa0a6c72162",
                "sha256:9f6f26e5b129bb0218aab30d368d6ead750517a457986f8854b1df4b4c318098",
                "sha256:a502693c83a2c6558bc45b4c2dc01a00c9b99cb3cf846913438933a44af174fc",
                "sha256:aa4999130a8e892fa9051edc18bf4daa0a2839d3f3de2dcfcbf0ae4619ee3b5e",
                "sha256:b10be0b80784c1beb8061e5ce938d8511a182125de5fc695a60f0561b984d361",
                "sha256:b1f7b23a606aaf2464eb81c23b5b20623e2ba44b4aaca6ea9bfe00e84a1a5264",
                "sha256:b78c8d232d97dbc8ad3a3d94cc15fccabe9a331685d76d2e5cb5284acc4a5feb",
                "sha256:b88fa862817035ad7921f2641c27a85dab12cc685ad3ef29c0caaf5b3d10a868",
                "sha256:b93fb9137070899b5f10d6487724f4427b5945983a785e1e2f1102c5e175c516",
                "sha256:b9639e16c1bc4eb8a78b3b30df4146bb78df5d52ba1b7454b634abd89aede6cc",
                "sha256:baa3b6be365c97f80d92a397cb8963dcd9bc22d101b39784e77a9cad093812f8",
                "sha256:c06c5758bae454a49dc3e7917804b46c31bb4a72cedfc8e7b4f17a318b3de9d6",
                "sha256:c544153709e93ea7e9edcefee72f5afcf484a9cb526067065f9419419f4a3694",
                "sha256:c6c74260ba130f7c20a340e8f9e544b0941621641f53edcf69e4602e12c9f29e",
                "sha256:d040615ff5c02ffd97ba9f0f73b9db34c09b8142fbfdd363b2a79fa6a554242c",
                "sha256:d85774b1ac09ec1d958e63baa436cc4c90e2e910294847ba51dcc3ca3ca04a63",
                "sha256:e508bb216eee8350e77b436f9f99c4f2d8335ecb51483f5ffd8bf5e84aaa56d1",
                "sha256:ea1cb38b1a52392ebb4e93eaf4a44b3cfdec35cca3f78a9a599f27b7f27031e2",
                "sha256:ec310e0029d530d1043f638b7a326b349884421572626bc2909408da7b0d03e5",
                "sha256:ed04b79f53fa975660f1a598120c504a0f4529170eeaf0d823fcc1f06f4d2e0f",
                "sha256:f4909ee1ddabed351f0fa55063a7dbe498001e2245a9602d9fb0fd74afecdca9",
                "sha256:f49ae9e19737493911e7f8e551310f719f463e442ea1ec92fe0804c62066a7e8",
                "sha256:f4c93e6102087dda4931fcd50fa4ad44e8e43e09419290c5f05cc2c690961ebf",
                "sha256:fa1b639d85af4794cb20d7cfd4c5ae38e94a418b17a2318a1992b470fb68260d"
            ],
            "version": "==5.6b1"
        },
        "humanfriendly": {
            "hashes": [
                "sha256:066562956639ab21ff2676d1fda0b5987e985c534fc76700a19bd54bcb81121d",
                "sha256:d5c731705114b9ad673754f3317d9fa4c23212f36b29bdc4272a892eafc9bc72"
            ],
            "version": "==9.1"
        },
        "importlib-metadata": {
            "hashes": [
                "sha256:19192b88d959336bfa6bdaaaef99aeafec179eca19c47c804e555703ee5f07ef",
                "sha256:2e881981c9748d7282b374b68e759c87745c25427b67ecf0cc67fb6637a1bff9"
            ],
            "markers": "python_version < '3.8'",
            "version": "==4.0.0"
        },
        "iniconfig": {
            "hashes": [
                "sha256:011e24c64b7f47f6ebd835bb12a743f2fbe9a26d4cecaa7f53bc4f35ee9da8b3",
                "sha256:bc3af051d7d14b2ee5ef9969666def0cd1a000e121eaea580d4a313df4b37f32"
            ],
            "version": "==1.1.1"
        },
        "marshmallow": {
            "hashes": [
                "sha256:2272273505f1644580fbc66c6b220cc78f893eb31f1ecde2af98ad28011e9811",
                "sha256:47911dd7c641a27160f0df5fd0fe94667160ffe97f70a42c3cc18388d86098cc"
            ],
            "index": "pypi",
            "version": "==3.8.0"
        },
        "packaging": {
            "hashes": [
                "sha256:5b327ac1320dc863dca72f4514ecc086f31186744b84a230374cc1fd776feae5",
                "sha256:67714da7f7bc052e064859c05c595155bd1ee9f69f76557e21f051443c20947a"
            ],
            "version": "==20.9"
        },
        "pluggy": {
            "hashes": [
                "sha256:265a94bf44ca13662f12fcd1b074c14d4b269a712f051b6f644ef7e705d6735f",
                "sha256:467f0219e89bb5061a8429c6fc5cf055fa3983a0e68e84a1d205046306b37d9e"
            ],
            "version": "==1.0.0.dev0"
        },
        "py": {
            "hashes": [
                "sha256:21b81bda15b66ef5e1a777a21c4dcd9c20ad3efd0b3f817e7a809035269e1bd3",
                "sha256:3b80836aa6d1feeaa108e046da6423ab8f6ceda6468545ae8d02d9d58d18818a"
            ],
            "index": "pypi",
            "version": "==1.10.0"
        },
        "pydash": {
            "hashes": [
                "sha256:0d87f879a3df4ad9389ab6d63c69eea078517d41541ddd5744cfcff3396e8543",
                "sha256:845262df83b5411742e5f7f7dbfa5ed4d0ddac6d7d0a13c4375c6a3c40d4e8f4"
            ],
            "version": "==5.0.0"
        },
        "pygments": {
            "hashes": [
                "sha256:2656e1a6edcdabf4275f9a3640db59fd5de107d88e8663c5d4e9a0fa62f77f94",
                "sha256:534ef71d539ae97d4c3a4cf7d6f110f214b0e687e92f9cb9d2a3b0d3101289c8"
            ],
            "version": "==2.8.1"
        },
        "pyparsing": {
            "hashes": [
                "sha256:1c6409312ce2ce2997896af5756753778d5f1603666dba5587804f09ad82ed27",
                "sha256:f4896b4cc085a1f8f8ae53a1a90db5a86b3825ff73eb974dffee3d9e701007f4"
            ],
            "version": "==3.0.0b2"
        },
        "pytest": {
            "hashes": [
                "sha256:671238a46e4df0f3498d1c3270e5deb9b32d25134c99b7d75370a68cfbe9b634",
                "sha256:6ad9c7bdf517a808242b998ac20063c41532a570d088d77eec1ee12b0b5574bc"
            ],
            "version": "==6.2.3"
        },
        "pytest-cov": {
            "hashes": [
                "sha256:45ec2d5182f89a81fc3eb29e3d1ed3113b9e9a873bcddb2a71faaab066110191",
                "sha256:47bd0ce14056fdd79f93e1713f88fad7bdcc583dcd7783da86ef2f085a0bb88e"
            ],
            "index": "pypi",
            "version": "==2.10.1"
        },
        "rich": {
            "hashes": [
                "sha256:1208bc46dda7ca120b308f20f96f47f731837a2f99a16a116b8e320751ecb7b0",
                "sha256:8744d616644b768b5c30b549473bd5888d739e120548943ff1d3bacc20b443f6"
            ],
            "index": "pypi",
            "version": "==9.0.1"
        },
        "ruamel.yaml": {
            "hashes": [
                "sha256:44bc6b54fddd45e4bc0619059196679f9e8b79c027f4131bb072e6a22f4d5e28",
                "sha256:ac79fb25f5476e8e9ed1c53b8a2286d2c3f5dde49eb37dbcee5c7eb6a8415a22"
            ],
            "index": "pypi",
            "version": "==0.17.4"
        },
        "ruamel.yaml.clib": {
            "hashes": [
                "sha256:058a1cc3df2a8aecc12f983a48bda99315cebf55a3b3a5463e37bb599b05727b",
                "sha256:1236df55e0f73cd138c0eca074ee086136c3f16a97c2ac719032c050f7e0622f",
                "sha256:1f8c0a4577c0e6c99d208de5c4d3fd8aceed9574bb154d7a2b21c16bb924154c",
                "sha256:2602e91bd5c1b874d6f93d3086f9830f3e907c543c7672cf293a97c3fabdcd91",
                "sha256:28116f204103cb3a108dfd37668f20abe6e3cafd0d3fd40dba126c732457b3cc",
                "sha256:2d24bd98af676f4990c4d715bcdc2a60b19c56a3fb3a763164d2d8ca0e806ba7",
                "sha256:2fd336a5c6415c82e2deb40d08c222087febe0aebe520f4d21910629018ab0f3",
                "sha256:30dca9bbcbb1cc858717438218d11eafb78666759e5094dd767468c0d577a7e7",
                "sha256:44c7b0498c39f27795224438f1a6be6c5352f82cb887bc33d962c3a3acc00df6",
                "sha256:464e66a04e740d754170be5e740657a3b3b6d2bcc567f0c3437879a6e6087ff6",
                "sha256:46d6d20815064e8bb023ea8628cfb7402c0f0e83de2c2227a88097e239a7dffd",
                "sha256:4df5019e7783d14b79217ad9c56edf1ba7485d614ad5a385d1b3c768635c81c0",
                "sha256:4e52c96ca66de04be42ea2278012a2342d89f5e82b4512fb6fb7134e377e2e62",
                "sha256:5254af7d8bdf4d5484c089f929cb7f5bafa59b4f01d4f48adda4be41e6d29f99",
                "sha256:52ae5739e4b5d6317b52f5b040b1b6639e8af68a5b8fd606a8b08658fbd0cab5",
                "sha256:53b9dd1abd70e257a6e32f934ebc482dac5edb8c93e23deb663eac724c30b026",
                "sha256:6c0a5dc52fc74eb87c67374a4e554d4761fd42a4d01390b7e868b30d21f4b8bb",
                "sha256:73b3d43e04cc4b228fa6fa5d796409ece6fcb53a6c270eb2048109cbcbc3b9c2",
                "sha256:74161d827407f4db9072011adcfb825b5258a5ccb3d2cd518dd6c9edea9e30f1",
                "sha256:75f0ee6839532e52a3a53f80ce64925ed4aed697dd3fa890c4c918f3304bd4f4",
                "sha256:839dd72545ef7ba78fd2aa1a5dd07b33696adf3e68fae7f31327161c1093001b",
                "sha256:8be05be57dc5c7b4a0b24edcaa2f7275866d9c907725226cdde46da09367d923",
                "sha256:8e8fd0a22c9d92af3a34f91e8a2594eeb35cba90ab643c5e0e643567dc8be43e",
                "sha256:a873e4d4954f865dcb60bdc4914af7eaae48fb56b60ed6daa1d6251c72f5337c",
                "sha256:ab845f1f51f7eb750a78937be9f79baea4a42c7960f5a94dde34e69f3cce1988",
                "sha256:b1e981fe1aff1fd11627f531524826a4dcc1f26c726235a52fcb62ded27d150f",
                "sha256:b4b0d31f2052b3f9f9b5327024dc629a253a83d8649d4734ca7f35b60ec3e9e5",
                "sha256:c6ac7e45367b1317e56f1461719c853fd6825226f45b835df7436bb04031fd8a",
                "sha256:daf21aa33ee9b351f66deed30a3d450ab55c14242cfdfcd377798e2c0d25c9f1",
                "sha256:e9f7d1d8c26a6a12c23421061f9022bb62704e38211fe375c645485f38df34a2",
                "sha256:f6061a31880c1ed6b6ce341215336e2f3d0c1deccd84957b6fa8ca474b41e89f"
            ],
            "markers": "platform_python_implementation == 'CPython' and python_version < '3.10'",
            "version": "==0.2.2"
        },
        "sqlalchemy": {
            "hashes": [
                "sha256:009e8388d4d551a2107632921320886650b46332f61dc935e70c8bcf37d8e0d6",
                "sha256:0157c269701d88f5faf1fa0e4560e4d814f210c01a5b55df3cab95e9346a8bcc",
                "sha256:0a92745bb1ebbcb3985ed7bda379b94627f0edbc6c82e9e4bac4fb5647ae609a",
                "sha256:0cca1844ba870e81c03633a99aa3dc62256fb96323431a5dec7d4e503c26372d",
                "sha256:166917a729b9226decff29416f212c516227c2eb8a9c9f920d69ced24e30109f",
                "sha256:1f5f369202912be72fdf9a8f25067a5ece31a2b38507bb869306f173336348da",
                "sha256:2909dffe5c9a615b7e6c92d1ac2d31e3026dc436440a4f750f4749d114d88ceb",
                "sha256:2b5dafed97f778e9901b79cc01b88d39c605e0545b4541f2551a2fd785adc15b",
                "sha256:2e9bd5b23bba8ae8ce4219c9333974ff5e103c857d9ff0e4b73dc4cb244c7d86",
                "sha256:3aa6d45e149a16aa1f0c46816397e12313d5e37f22205c26e06975e150ffcf2a",
                "sha256:4bdbdb8ca577c6c366d15791747c1de6ab14529115a2eb52774240c412a7b403",
                "sha256:53fd857c6c8ffc0aa6a5a3a2619f6a74247e42ec9e46b836a8ffa4abe7aab327",
                "sha256:5cdfe54c1e37279dc70d92815464b77cd8ee30725adc9350f06074f91dbfeed2",
                "sha256:5d92c18458a4aa27497a986038d5d797b5279268a2de303cd00910658e8d149c",
                "sha256:632b32183c0cb0053194a4085c304bc2320e5299f77e3024556fa2aa395c2a8b",
                "sha256:7c735c7a6db8ee9554a3935e741cf288f7dcbe8706320251eb38c412e6a4281d",
                "sha256:7cd40cb4bc50d9e87b3540b23df6e6b24821ba7e1f305c1492b0806c33dbdbec",
                "sha256:84f0ac4a09971536b38cc5d515d6add7926a7e13baa25135a1dbb6afa351a376",
                "sha256:8dcbf377529a9af167cbfc5b8acec0fadd7c2357fc282a1494c222d3abfc9629",
                "sha256:950f0e17ffba7a7ceb0dd056567bc5ade22a11a75920b0e8298865dc28c0eff6",
                "sha256:9e379674728f43a0cd95c423ac0e95262500f9bfd81d33b999daa8ea1756d162",
                "sha256:b15002b9788ffe84e42baffc334739d3b68008a973d65fad0a410ca5d0531980",
                "sha256:b6f036ecc017ec2e2cc2a40615b41850dc7aaaea6a932628c0afc73ab98ba3fb",
                "sha256:bad73f9888d30f9e1d57ac8829f8a12091bdee4949b91db279569774a866a18e",
                "sha256:bbc58fca72ce45a64bb02b87f73df58e29848b693869e58bd890b2ddbb42d83b",
                "sha256:bca4d367a725694dae3dfdc86cf1d1622b9f414e70bd19651f5ac4fb3aa96d61",
                "sha256:be41d5de7a8e241864189b7530ca4aaf56a5204332caa70555c2d96379e18079",
                "sha256:bf53d8dddfc3e53a5bda65f7f4aa40fae306843641e3e8e701c18a5609471edf",
                "sha256:c092fe282de83d48e64d306b4bce03114859cdbfe19bf8a978a78a0d44ddadb1",
                "sha256:c3ab23ee9674336654bf9cac30eb75ac6acb9150dc4b1391bec533a7a4126471",
                "sha256:ce64a44c867d128ab8e675f587aae7f61bd2db836a3c4ba522d884cd7c298a77",
                "sha256:d05cef4a164b44ffda58200efcb22355350979e000828479971ebca49b82ddb1",
                "sha256:d2f25c7f410338d31666d7ddedfa67570900e248b940d186b48461bd4e5569a1",
                "sha256:d3b709d64b5cf064972b3763b47139e4a0dc4ae28a36437757f7663f67b99710",
                "sha256:e32e3455db14602b6117f0f422f46bc297a3853ae2c322ecd1e2c4c04daf6ed5",
                "sha256:ed53209b5f0f383acb49a927179fa51a6e2259878e164273ebc6815f3a752465",
                "sha256:f605f348f4e6a2ba00acb3399c71d213b92f27f2383fc4abebf7a37368c12142",
                "sha256:fcdb3755a7c355bc29df1b5e6fb8226d5c8b90551d202d69d0076a8a5649d68b"
            ],
            "index": "pypi",
            "version": "==1.3.20"
        },
        "toml": {
            "hashes": [
                "sha256:806143ae5bfb6a3c6e736a764057db0e6a0e05e338b5630894a5f779cabb4f9b",
                "sha256:b3bda1d108d5dd99f4a20d24d9c348e91c4db7ab1b749200bded2f839ccbe68f"
            ],
            "version": "==0.10.2"
        },
        "typing-extensions": {
            "hashes": [
                "sha256:7cb407020f00f7bfc3cb3e7881628838e69d8f3fcab2f64742a5e76b2f841918",
                "sha256:99d4073b617d30288f569d3f13d2bd7548c3a7e4c8de87db09a9d29bb3a4a60c",
                "sha256:dafc7639cde7f1b6e1acc0f457842a83e722ccca8eef5270af2d74792619a89f"
            ],
            "markers": "python_version < '3.8'",
            "version": "==3.7.4.3"
        },
        "zipp": {
            "hashes": [
                "sha256:3607921face881ba3e026887d8150cca609d517579abe052ac81fc5aeffdbd76",
                "sha256:51cb66cc54621609dd593d1787f286ee42a5c0adbb4b29abea5a63edc3e03098"
            ],
            "version": "==3.4.1"
        }
    },
    "develop": {
        "appdirs": {
            "hashes": [
                "sha256:7d5d0167b2b1ba821647616af46a749d1c653740dd0d2415100fe26e27afdf41",
                "sha256:a841dacd6b99318a741b166adb07e19ee71a274450e68237b4650ca1055ab128"
            ],
            "version": "==1.4.4"
        },
        "attrs": {
            "hashes": [
                "sha256:31b2eced602aa8423c2aea9c76a724617ed67cf9513173fd3a4f03e3a929c7e6",
                "sha256:832aa3cde19744e49938b91fea06d69ecb9e649c93ba974535d08ad92164f700"
            ],
            "version": "==20.3.0"
        },
        "cfgv": {
            "hashes": [
                "sha256:32e43d604bbe7896fe7c248a9c2276447dbef840feb28fe20494f62af110211d",
                "sha256:cf22deb93d4bcf92f345a5c3cd39d3d41d6340adc60c78bbbd6588c384fda6a1"
            ],
            "version": "==3.2.0"
        },
        "distlib": {
            "hashes": [
                "sha256:8c09de2c67b3e7deef7184574fc060ab8a793e7adbb183d942c389c8b13c52fb",
                "sha256:edf6116872c863e1aa9d5bb7cb5e05a022c519a4594dc703843343a9ddd9bff1"
            ],
            "version": "==0.3.1"
        },
        "filelock": {
            "hashes": [
                "sha256:18d82244ee114f543149c66a6e0c14e9c4f8a1044b5cdaadd0f82159d6a6ff59",
                "sha256:929b7d63ec5b7d6b71b0fa5ac14e030b3f70b75747cef1b10da9b879fef15836"
            ],
            "version": "==3.0.12"
        },
        "identify": {
            "hashes": [
                "sha256:398cb92a7599da0b433c65301a1b62b9b1f4bb8248719b84736af6c0b22289d6",
                "sha256:4537474817e0bbb8cea3e5b7504b7de6d44e3f169a90846cbc6adb0fc8294502"
            ],
            "version": "==2.2.3"
        },
        "importlib-metadata": {
            "hashes": [
                "sha256:19192b88d959336bfa6bdaaaef99aeafec179eca19c47c804e555703ee5f07ef",
                "sha256:2e881981c9748d7282b374b68e759c87745c25427b67ecf0cc67fb6637a1bff9"
            ],
            "markers": "python_version < '3.8'",
            "version": "==4.0.0"
        },
        "iniconfig": {
            "hashes": [
                "sha256:011e24c64b7f47f6ebd835bb12a743f2fbe9a26d4cecaa7f53bc4f35ee9da8b3",
                "sha256:bc3af051d7d14b2ee5ef9969666def0cd1a000e121eaea580d4a313df4b37f32"
            ],
            "version": "==1.1.1"
        },
        "nodeenv": {
            "hashes": [
                "sha256:3ef13ff90291ba2a4a7a4ff9a979b63ffdd00a464dbe04acf0ea6471517a4c2b",
                "sha256:621e6b7076565ddcacd2db0294c0381e01fd28945ab36bcf00f41c5daf63bef7"
            ],
            "version": "==1.6.0"
        },
        "packaging": {
            "hashes": [
                "sha256:5b327ac1320dc863dca72f4514ecc086f31186744b84a230374cc1fd776feae5",
                "sha256:67714da7f7bc052e064859c05c595155bd1ee9f69f76557e21f051443c20947a"
            ],
            "version": "==20.9"
        },
        "pluggy": {
            "hashes": [
                "sha256:265a94bf44ca13662f12fcd1b074c14d4b269a712f051b6f644ef7e705d6735f",
                "sha256:467f0219e89bb5061a8429c6fc5cf055fa3983a0e68e84a1d205046306b37d9e"
            ],
            "version": "==1.0.0.dev0"
        },
        "pre-commit": {
            "hashes": [
                "sha256:810aef2a2ba4f31eed1941fc270e72696a1ad5590b9751839c90807d0fff6b9a",
                "sha256:c54fd3e574565fe128ecc5e7d2f91279772ddb03f8729645fa812fe809084a70"
            ],
            "index": "pypi",
            "version": "==2.7.1"
        },
        "py": {
            "hashes": [
                "sha256:21b81bda15b66ef5e1a777a21c4dcd9c20ad3efd0b3f817e7a809035269e1bd3",
                "sha256:3b80836aa6d1feeaa108e046da6423ab8f6ceda6468545ae8d02d9d58d18818a"
            ],
            "index": "pypi",
            "version": "==1.10.0"
        },
        "pyparsing": {
            "hashes": [
                "sha256:1c6409312ce2ce2997896af5756753778d5f1603666dba5587804f09ad82ed27",
                "sha256:f4896b4cc085a1f8f8ae53a1a90db5a86b3825ff73eb974dffee3d9e701007f4"
            ],
            "version": "==3.0.0b2"
        },
        "pytest": {
            "hashes": [
                "sha256:671238a46e4df0f3498d1c3270e5deb9b32d25134c99b7d75370a68cfbe9b634",
                "sha256:6ad9c7bdf517a808242b998ac20063c41532a570d088d77eec1ee12b0b5574bc"
            ],
            "version": "==6.2.3"
        },
        "pytest-mock": {
            "hashes": [
                "sha256:024e405ad382646318c4281948aadf6fe1135632bea9cc67366ea0c4098ef5f2",
                "sha256:a4d6d37329e4a893e77d9ffa89e838dd2b45d5dc099984cf03c703ac8411bb82"
            ],
            "index": "pypi",
            "version": "==3.3.1"
        },
        "pyyaml": {
            "hashes": [
                "sha256:08682f6b72c722394747bddaf0aa62277e02557c0fd1c42cb853016a38f8dedf",
                "sha256:0f5f5786c0e09baddcd8b4b45f20a7b5d61a7e7e99846e3c799b05c7c53fa696",
                "sha256:129def1b7c1bf22faffd67b8f3724645203b79d8f4cc81f674654d9902cb4393",
                "sha256:294db365efa064d00b8d1ef65d8ea2c3426ac366c0c4368d930bf1c5fb497f77",
                "sha256:3b2b1824fe7112845700f815ff6a489360226a5609b96ec2190a45e62a9fc922",
                "sha256:3bd0e463264cf257d1ffd2e40223b197271046d09dadf73a0fe82b9c1fc385a5",
                "sha256:4465124ef1b18d9ace298060f4eccc64b0850899ac4ac53294547536533800c8",
                "sha256:49d4cdd9065b9b6e206d0595fee27a96b5dd22618e7520c33204a4a3239d5b10",
                "sha256:4e0583d24c881e14342eaf4ec5fbc97f934b999a6828693a99157fde912540cc",
                "sha256:5accb17103e43963b80e6f837831f38d314a0495500067cb25afab2e8d7a4018",
                "sha256:607774cbba28732bfa802b54baa7484215f530991055bb562efbed5b2f20a45e",
                "sha256:6c78645d400265a062508ae399b60b8c167bf003db364ecb26dcab2bda048253",
                "sha256:72a01f726a9c7851ca9bfad6fd09ca4e090a023c00945ea05ba1638c09dc3347",
                "sha256:74c1485f7707cf707a7aef42ef6322b8f97921bd89be2ab6317fd782c2d53183",
                "sha256:895f61ef02e8fed38159bb70f7e100e00f471eae2bc838cd0f4ebb21e28f8541",
                "sha256:8c1be557ee92a20f184922c7b6424e8ab6691788e6d86137c5d93c1a6ec1b8fb",
                "sha256:bb4191dfc9306777bc594117aee052446b3fa88737cd13b7188d0e7aa8162185",
                "sha256:bfb51918d4ff3d77c1c856a9699f8492c612cde32fd3bcd344af9be34999bfdc",
                "sha256:c20cfa2d49991c8b4147af39859b167664f2ad4561704ee74c1de03318e898db",
                "sha256:cb333c16912324fd5f769fff6bc5de372e9e7a202247b48870bc251ed40239aa",
                "sha256:d2d9808ea7b4af864f35ea216be506ecec180628aced0704e34aca0b040ffe46",
                "sha256:d483ad4e639292c90170eb6f7783ad19490e7a8defb3e46f97dfe4bacae89122",
                "sha256:dd5de0646207f053eb0d6c74ae45ba98c3395a571a2891858e87df7c9b9bd51b",
                "sha256:e1d4970ea66be07ae37a3c2e48b5ec63f7ba6804bdddfdbd3cfd954d25a82e63",
                "sha256:e4fac90784481d221a8e4b1162afa7c47ed953be40d31ab4629ae917510051df",
                "sha256:fa5ae20527d8e831e8230cbffd9f8fe952815b2b7dae6ffec25318803a7528fc",
                "sha256:fd7f6999a8070df521b6384004ef42833b9bd62cfee11a09bda1079b4b704247",
                "sha256:fdc842473cd33f45ff6bce46aea678a54e3d21f1b61a7750ce3c498eedfe25d6",
                "sha256:fe69978f3f768926cfa37b867e3843918e012cf83f680806599ddce33c2c68b0"
            ],
            "version": "==5.4.1"
        },
        "six": {
            "hashes": [
                "sha256:30639c035cdb23534cd4aa2dd52c3bf48f06e5f4a941509c8bafd8ce11080259",
                "sha256:8b74bedcbbbaca38ff6d7491d76f2b06b3592611af620f8426e82dddb04a5ced"
            ],
            "version": "==1.15.0"
        },
        "toml": {
            "hashes": [
                "sha256:806143ae5bfb6a3c6e736a764057db0e6a0e05e338b5630894a5f779cabb4f9b",
                "sha256:b3bda1d108d5dd99f4a20d24d9c348e91c4db7ab1b749200bded2f839ccbe68f"
            ],
            "version": "==0.10.2"
        },
        "typing-extensions": {
            "hashes": [
                "sha256:7cb407020f00f7bfc3cb3e7881628838e69d8f3fcab2f64742a5e76b2f841918",
                "sha256:99d4073b617d30288f569d3f13d2bd7548c3a7e4c8de87db09a9d29bb3a4a60c",
                "sha256:dafc7639cde7f1b6e1acc0f457842a83e722ccca8eef5270af2d74792619a89f"
            ],
            "markers": "python_version < '3.8'",
            "version": "==3.7.4.3"
        },
        "virtualenv": {
            "hashes": [
                "sha256:09c61377ef072f43568207dc8e46ddeac6bcdcaf288d49011bda0e7f4d38c4a2",
                "sha256:a935126db63128861987a7d5d30e23e8ec045a73840eeccb467c148514e29535"
            ],
            "version": "==20.4.4"
        },
        "zipp": {
            "hashes": [
                "sha256:3607921face881ba3e026887d8150cca609d517579abe052ac81fc5aeffdbd76",
                "sha256:51cb66cc54621609dd593d1787f286ee42a5c0adbb4b29abea5a63edc3e03098"
            ],
            "version": "==3.4.1"
        }
    }
}
